
Microsoft Visual Studio Solution File, Format Version 12.00
# Visual Studio Version 16
VisualStudioVersion = 16.0.31205.134
MinimumVisualStudioVersion = 10.0.40219.1
Project("{F184B08F-C81C-45F6-A57F-5ABD9991F28F}") = "mudanzasPantallas", "mudanzasPantallas\mudanzasPantallas.vbproj", "{A5418700-B1B8-46A9-B592-BA3416B5D05C}"
EndProject
Global
	GlobalSection(SolutionConfigurationPlatforms) = preSolution
		Debug|Any CPU = Debug|Any CPU
		Release|Any CPU = Release|Any CPU
	EndGlobalSection
	GlobalSection(ProjectConfigurationPlatforms) = postSolution
		{A5418700-B1B8-46A9-B592-BA3416B5D05C}.Debug|Any CPU.ActiveCfg = Debug|Any CPU
		{A5418700-B1B8-46A9-B592-BA3416B5D05C}.Debug|Any CPU.Build.0 = Debug|Any CPU
		{A5418700-B1B8-46A9-B592-BA3416B5D05C}.Release|Any CPU.ActiveCfg = Release|Any CPU
		{A5418700-B1B8-46A9-B592-BA3416B5D05C}.Release|Any CPU.Build.0 = Release|Any CPU
	EndGlobalSection
	GlobalSection(SolutionProperties) = preSolution
		HideSolutionNode = FALSE
	EndGlobalSection
	GlobalSection(ExtensibilityGlobals) = postSolution
		SolutionGuid = {AF3B7A4F-0383-4594-8EC7-DFF285F21A4B}
	EndGlobalSection
EndGlobal
